<Solution>
  <Folder Name="/Solution Items/">
    <File Path=".editorconfig" />
    <File Path=".gitattributes" />
    <File Path=".gitignore" />
    <File Path="BannedSymbols.Cbor.txt" />
    <File Path="BannedSymbols.Serialization.txt" />
    <File Path="BannedSymbols.txt" />
    <File Path="BannedSymbols.Xml.txt" />
    <File Path="Directory.Build.props" />
    <File Path="Directory.Packages.props" />
    <File Path="global.json" />
    <File Path="CHANGELOG.md" />
    <File Path="LICENSE" />
    <File Path="NuGet.config" />
    <File Path="README.md" />
    <File Path="spellcheckerexclusion.dic" />
    <File Path="verify-packages.ps1" />
    <File Path="verify-packages.sh" />
  </Folder>
  <Folder Name="/src/">
    <Project Path="src/Lumoin.Veritas.Rdf/Lumoin.Veritas.Rdf.csproj" />
    <Project Path="src/Lumoin.Veritas.Canonicalization/Lumoin.Veritas.Canonicalization.csproj" />
    <Project Path="src/Lumoin.Veritas.Cbor/Lumoin.Veritas.Cbor.csproj" />
    <Project Path="src/Lumoin.Veritas.CborLd/Lumoin.Veritas.CborLd.csproj" />
    <Project Path="src/Lumoin.Veritas.Cid/Lumoin.Veritas.Cid.csproj" />
    <Project Path="src/Lumoin.Veritas.Cli/Lumoin.Veritas.Cli.csproj" />
    <Project Path="src/Lumoin.Veritas.Core/Lumoin.Veritas.Core.csproj" />
    <Project Path="src/Lumoin.Veritas.Database/Lumoin.Veritas.Database.csproj" />
    <Project Path="src/Lumoin.Veritas.Geo/Lumoin.Veritas.Geo.csproj" />
    <Project Path="src/Lumoin.Veritas.Geo.Json.Stj/Lumoin.Veritas.Geo.Json.Stj.csproj" />
    <Project Path="src/Lumoin.Veritas.Json/Lumoin.Veritas.Json.csproj" />
    <Project Path="src/Lumoin.Veritas.Json.Stj/Lumoin.Veritas.Json.Stj.csproj" />
    <Project Path="src/Lumoin.Veritas.JsonLd/Lumoin.Veritas.JsonLd.csproj" />
    <Project Path="src/Lumoin.Veritas.Rdf.Json/Lumoin.Veritas.Rdf.Json.csproj" />
    <Project Path="src/Lumoin.Veritas.Replication/Lumoin.Veritas.Replication.csproj" />
    <Project Path="src/Lumoin.Veritas.Jsonata/Lumoin.Veritas.Jsonata.csproj" />
    <Project Path="src/Lumoin.Veritas.JsonPointer/Lumoin.Veritas.JsonPointer.csproj" />
    <Project Path="src/Lumoin.Veritas.JsonSchema/Lumoin.Veritas.JsonSchema.csproj" />
    <Project Path="src/Lumoin.Veritas.LinkedData/Lumoin.Veritas.LinkedData.csproj" />
    <Project Path="src/Lumoin.Veritas.NQuads/Lumoin.Veritas.NQuads.csproj" />
    <Project Path="src/Lumoin.Veritas.Owl/Lumoin.Veritas.Owl.csproj" />
    <Project Path="src/Lumoin.Veritas.Shacl/Lumoin.Veritas.Shacl.csproj" />
    <Project Path="src/Lumoin.Veritas.Skos/Lumoin.Veritas.Skos.csproj" />
    <Project Path="src/Lumoin.Veritas.Sparql/Lumoin.Veritas.Sparql.csproj" />
    <Project Path="src/Lumoin.Veritas.Turtle/Lumoin.Veritas.Turtle.csproj" />
    <Project Path="src/Lumoin.Veritas.Xml/Lumoin.Veritas.Xml.csproj" />
    <Project Path="src/Lumoin.Veritas.Studio.Wasm/Lumoin.Veritas.Studio.Wasm.csproj" />
  </Folder>
  <Folder Name="/test/">
    <Project Path="test/Lumoin.Veritas.Benchmarks/Lumoin.Veritas.Benchmarks.csproj" />
    <Project Path="test/Lumoin.Veritas.ParserTests/Lumoin.Veritas.ParserTests.csproj" />
    <Project Path="test/Lumoin.Veritas.Tests/Lumoin.Veritas.Tests.csproj" />
    <Project Path="test/Lumoin.Veritas.Workbench/Lumoin.Veritas.Workbench.csproj" />
  </Folder>
</Solution>
